// !$*UTF8*$!
{
	archiveVersion = 1;
	classes = {
	};
	objectVersion = 50;
	objects = {

/* Begin PBXBuildFile section */
		A0A8339220CE1714001F9398 /* PopViewController.m in Sources */ = {isa = PBXBuildFile; fileRef = A0A8338F20CE1714001F9398 /* PopViewController.m */; };
		A0A8339320CE1714001F9398 /* PopViewController.xib in Resources */ = {isa = PBXBuildFile; fileRef = A0A8339020CE1714001F9398 /* PopViewController.xib */; };
		A0D4926720C690BD00BD1D00 /* AppDelegate.m in Sources */ = {isa = PBXBuildFile; fileRef = A0D4926620C690BD00BD1D00 /* AppDelegate.m */; };
		A0D4926A20C690BD00BD1D00 /* ViewController.m in Sources */ = {isa = PBXBuildFile; fileRef = A0D4926920C690BD00BD1D00 /* ViewController.m */; };
		A0D4926D20C690BD00BD1D00 /* Main.storyboard in Resources */ = {isa = PBXBuildFile; fileRef = A0D4926B20C690BD00BD1D00 /* Main.storyboard */; };
		A0D4926F20C690C100BD1D00 /* Assets.xcassets in Resources */ = {isa = PBXBuildFile; fileRef = A0D4926E20C690C100BD1D00 /* Assets.xcassets */; };
		A0D4927220C690C100BD1D00 /* LaunchScreen.storyboard in Resources */ = {isa = PBXBuildFile; fileRef = A0D4927020C690C100BD1D00 /* LaunchScreen.storyboard */; };
		A0D4927520C690C100BD1D00 /* main.m in Sources */ = {isa = PBXBuildFile; fileRef = A0D4927420C690C100BD1D00 /* main.m */; };
		A0D4927F20C690C100BD1D00 /* HLAlertViewTests.m in Sources */ = {isa = PBXBuildFile; fileRef = A0D4927E20C690C100BD1D00 /* HLAlertViewTests.m */; };
		A0D4928A20C690C100BD1D00 /* HLAlertViewUITests.m in Sources */ = {isa = PBXBuildFile; fileRef = A0D4928920C690C100BD1D00 /* HLAlertViewUITests.m */; };
		A0D4929C20C6923200BD1D00 /* UIView+HLExtension.m in Sources */ = {isa = PBXBuildFile; fileRef = A0D4929B20C6923200BD1D00 /* UIView+HLExtension.m */; };
		A0D492A220C6929200BD1D00 /* HLXibAlertView.m in Sources */ = {isa = PBXBuildFile; fileRef = A0D492A020C6929200BD1D00 /* HLXibAlertView.m */; };
		A0D492A320C6929200BD1D00 /* HLXibAlertView.xib in Resources */ = {isa = PBXBuildFile; fileRef = A0D492A120C6929200BD1D00 /* HLXibAlertView.xib */; };
		A0D492A720C692AF00BD1D00 /* HLAlertView.m in Sources */ = {isa = PBXBuildFile; fileRef = A0D492A620C692AF00BD1D00 /* HLAlertView.m */; };
		A0D492AB20C692D100BD1D00 /* HLAlertViewBlock.m in Sources */ = {isa = PBXBuildFile; fileRef = A0D492AA20C692D100BD1D00 /* HLAlertViewBlock.m */; };
/* End PBXBuildFile section */

/* Begin PBXContainerItemProxy section */
		A0D4927B20C690C100BD1D00 /* PBXContainerItemProxy */ = {
			isa = PBXContainerItemProxy;
			containerPortal = A0D4925A20C690BD00BD1D00 /* Project object */;
			proxyType = 1;
			remoteGlobalIDString = A0D4926120C690BD00BD1D00;
			remoteInfo = HLAlertView;
		};
		A0D4928620C690C100BD1D00 /* PBXContainerItemProxy */ = {
			isa = PBXContainerItemProxy;
			containerPortal = A0D4925A20C690BD00BD1D00 /* Project object */;
			proxyType = 1;
			remoteGlobalIDString = A0D4926120C690BD00BD1D00;
			remoteInfo = HLAlertView;
		};
/* End PBXContainerItemProxy section */

/* Begin PBXFileReference section */
		A0A8338F20CE1714001F9398 /* PopViewController.m */ = {isa = PBXFileReference; fileEncoding = 4; lastKnownFileType = sourcecode.c.objc; path = PopViewController.m; sourceTree = "<group>"; };
		A0A8339020CE1714001F9398 /* PopViewController.xib */ = {isa = PBXFileReference; fileEncoding = 4; lastKnownFileType = file.xib; path = PopViewController.xib; sourceTree = "<group>"; };
		A0A8339120CE1714001F9398 /* PopViewController.h */ = {isa = PBXFileReference; fileEncoding = 4; lastKnownFileType = sourcecode.c.h; path = PopViewController.h; sourceTree = "<group>"; };
		A0D4926220C690BD00BD1D00 /* HLAlertView.app */ = {isa = PBXFileReference; explicitFileType = wrapper.application; includeInIndex = 0; path = HLAlertView.app; sourceTree = BUILT_PRODUCTS_DIR; };
		A0D4926520C690BD00BD1D00 /* AppDelegate.h */ = {isa = PBXFileReference; lastKnownFileType = sourcecode.c.h; path = AppDelegate.h; sourceTree = "<group>"; };
		A0D4926620C690BD00BD1D00 /* AppDelegate.m */ = {isa = PBXFileReference; lastKnownFileType = sourcecode.c.objc; path = AppDelegate.m; sourceTree = "<group>"; };
		A0D4926820C690BD00BD1D00 /* ViewController.h */ = {isa = PBXFileReference; lastKnownFileType = sourcecode.c.h; path = ViewController.h; sourceTree = "<group>"; };
		A0D4926920C690BD00BD1D00 /* ViewController.m */ = {isa = PBXFileReference; lastKnownFileType = sourcecode.c.objc; path = ViewController.m; sourceTree = "<group>"; };
		A0D4926C20C690BD00BD1D00 /* Base */ = {isa = PBXFileReference; lastKnownFileType = file.storyboard; name = Base; path = Base.lproj/Main.storyboard; sourceTree = "<group>"; };
		A0D4926E20C690C100BD1D00 /* Assets.xcassets */ = {isa = PBXFileReference; lastKnownFileType = folder.assetcatalog; path = Assets.xcassets; sourceTree = "<group>"; };
		A0D4927120C690C100BD1D00 /* Base */ = {isa = PBXFileReference; lastKnownFileType = file.storyboard; name = Base; path = Base.lproj/LaunchScreen.storyboard; sourceTree = "<group>"; };
		A0D4927320C690C100BD1D00 /* Info.plist */ = {isa = PBXFileReference; lastKnownFileType = text.plist.xml; path = Info.plist; sourceTree = "<group>"; };
		A0D4927420C690C100BD1D00 /* main.m */ = {isa = PBXFileReference; lastKnownFileType = sourcecode.c.objc; path = main.m; sourceTree = "<group>"; };
		A0D4927A20C690C100BD1D00 /* HLAlertViewTests.xctest */ = {isa = PBXFileReference; explicitFileType = wrapper.cfbundle; includeInIndex = 0; path = HLAlertViewTests.xctest; sourceTree = BUILT_PRODUCTS_DIR; };
		A0D4927E20C690C100BD1D00 /* HLAlertViewTests.m */ = {isa = PBXFileReference; lastKnownFileType = sourcecode.c.objc; path = HLAlertViewTests.m; sourceTree = "<group>"; };
		A0D4928020C690C100BD1D00 /* Info.plist */ = {isa = PBXFileReference; lastKnownFileType = text.plist.xml; path = Info.plist; sourceTree = "<group>"; };
		A0D4928520C690C100BD1D00 /* HLAlertViewUITests.xctest */ = {isa = PBXFileReference; explicitFileType = wrapper.cfbundle; includeInIndex = 0; path = HLAlertViewUITests.xctest; sourceTree = BUILT_PRODUCTS_DIR; };
		A0D4928920C690C100BD1D00 /* HLAlertViewUITests.m */ = {isa = PBXFileReference; lastKnownFileType = sourcecode.c.objc; path = HLAlertViewUITests.m; sourceTree = "<group>"; };
		A0D4928B20C690C100BD1D00 /* Info.plist */ = {isa = PBXFileReference; lastKnownFileType = text.plist.xml; path = Info.plist; sourceTree = "<group>"; };
		A0D4929A20C6923200BD1D00 /* UIView+HLExtension.h */ = {isa = PBXFileReference; lastKnownFileType = sourcecode.c.h; path = "UIView+HLExtension.h"; sourceTree = "<group>"; };
		A0D4929B20C6923200BD1D00 /* UIView+HLExtension.m */ = {isa = PBXFileReference; lastKnownFileType = sourcecode.c.objc; path = "UIView+HLExtension.m"; sourceTree = "<group>"; };
		A0D4929F20C6929200BD1D00 /* HLXibAlertView.h */ = {isa = PBXFileReference; fileEncoding = 4; lastKnownFileType = sourcecode.c.h; path = HLXibAlertView.h; sourceTree = "<group>"; };
		A0D492A020C6929200BD1D00 /* HLXibAlertView.m */ = {isa = PBXFileReference; fileEncoding = 4; lastKnownFileType = sourcecode.c.objc; path = HLXibAlertView.m; sourceTree = "<group>"; };
		A0D492A120C6929200BD1D00 /* HLXibAlertView.xib */ = {isa = PBXFileReference; fileEncoding = 4; lastKnownFileType = file.xib; path = HLXibAlertView.xib; sourceTree = "<group>"; };
		A0D492A520C692AF00BD1D00 /* HLAlertView.h */ = {isa = PBXFileReference; fileEncoding = 4; lastKnownFileType = sourcecode.c.h; path = HLAlertView.h; sourceTree = "<group>"; };
		A0D492A620C692AF00BD1D00 /* HLAlertView.m */ = {isa = PBXFileReference; fileEncoding = 4; lastKnownFileType = sourcecode.c.objc; path = HLAlertView.m; sourceTree = "<group>"; };
		A0D492A920C692D100BD1D00 /* HLAlertViewBlock.h */ = {isa = PBXFileReference; fileEncoding = 4; lastKnownFileType = sourcecode.c.h; path = HLAlertViewBlock.h; sourceTree = "<group>"; };
		A0D492AA20C692D100BD1D00 /* HLAlertViewBlock.m */ = {isa = PBXFileReference; fileEncoding = 4; lastKnownFileType = sourcecode.c.objc; path = HLAlertViewBlock.m; sourceTree = "<group>"; };
/* End PBXFileReference section */

/* Begin PBXFrameworksBuildPhase section */
		A0D4925F20C690BD00BD1D00 /* Frameworks */ = {
			isa = PBXFrameworksBuildPhase;
			buildActionMask = 2147483647;
			files = (
			);
			runOnlyForDeploymentPostprocessing = 0;
		};
		A0D4927720C690C100BD1D00 /* Frameworks */ = {
			isa = PBXFrameworksBuildPhase;
			buildActionMask = 2147483647;
			files = (
			);
			runOnlyForDeploymentPostprocessing = 0;
		};
		A0D4928220C690C100BD1D00 /* Frameworks */ = {
			isa = PBXFrameworksBuildPhase;
			buildActionMask = 2147483647;
			files = (
			);
			runOnlyForDeploymentPostprocessing = 0;
		};
/* End PBXFrameworksBuildPhase section */

/* Begin PBXGroup section */
		A0A8338E20CE16E1001F9398 /* 透明控制器 */ = {
			isa = PBXGroup;
			children = (
				A0A8339120CE1714001F9398 /* PopViewController.h */,
				A0A8338F20CE1714001F9398 /* PopViewController.m */,
				A0A8339020CE1714001F9398 /* PopViewController.xib */,
			);
			path = "透明控制器";
			sourceTree = "<group>";
		};
		A0D4925920C690BD00BD1D00 = {
			isa = PBXGroup;
			children = (
				A0D4926420C690BD00BD1D00 /* HLAlertView */,
				A0D4927D20C690C100BD1D00 /* HLAlertViewTests */,
				A0D4928820C690C100BD1D00 /* HLAlertViewUITests */,
				A0D4926320C690BD00BD1D00 /* Products */,
			);
			sourceTree = "<group>";
		};
		A0D4926320C690BD00BD1D00 /* Products */ = {
			isa = PBXGroup;
			children = (
				A0D4926220C690BD00BD1D00 /* HLAlertView.app */,
				A0D4927A20C690C100BD1D00 /* HLAlertViewTests.xctest */,
				A0D4928520C690C100BD1D00 /* HLAlertViewUITests.xctest */,
			);
			name = Products;
			sourceTree = "<group>";
		};
		A0D4926420C690BD00BD1D00 /* HLAlertView */ = {
			isa = PBXGroup;
			children = (
				A0D4926520C690BD00BD1D00 /* AppDelegate.h */,
				A0D4926620C690BD00BD1D00 /* AppDelegate.m */,
				A0D4926820C690BD00BD1D00 /* ViewController.h */,
				A0D4926920C690BD00BD1D00 /* ViewController.m */,
				A0D492A820C692D100BD1D00 /* 弹窗Block */,
				A0D492A420C692AF00BD1D00 /* 弹窗delegate */,
				A0D4929E20C6929200BD1D00 /* xib弹窗 */,
				A0A8338E20CE16E1001F9398 /* 透明控制器 */,
				A0D4929D20C6926600BD1D00 /* lib */,
				A0D4929820C6912200BD1D00 /* Others */,
			);
			path = HLAlertView;
			sourceTree = "<group>";
		};
		A0D4927D20C690C100BD1D00 /* HLAlertViewTests */ = {
			isa = PBXGroup;
			children = (
				A0D4927E20C690C100BD1D00 /* HLAlertViewTests.m */,
				A0D4928020C690C100BD1D00 /* Info.plist */,
			);
			path = HLAlertViewTests;
			sourceTree = "<group>";
		};
		A0D4928820C690C100BD1D00 /* HLAlertViewUITests */ = {
			isa = PBXGroup;
			children = (
				A0D4928920C690C100BD1D00 /* HLAlertViewUITests.m */,
				A0D4928B20C690C100BD1D00 /* Info.plist */,
			);
			path = HLAlertViewUITests;
			sourceTree = "<group>";
		};
		A0D4929820C6912200BD1D00 /* Others */ = {
			isa = PBXGroup;
			children = (
				A0D4926B20C690BD00BD1D00 /* Main.storyboard */,
				A0D4926E20C690C100BD1D00 /* Assets.xcassets */,
				A0D4927020C690C100BD1D00 /* LaunchScreen.storyboard */,
				A0D4927320C690C100BD1D00 /* Info.plist */,
				A0D4927420C690C100BD1D00 /* main.m */,
			);
			name = Others;
			sourceTree = "<group>";
		};
		A0D4929D20C6926600BD1D00 /* lib */ = {
			isa = PBXGroup;
			children = (
				A0D4929A20C6923200BD1D00 /* UIView+HLExtension.h */,
				A0D4929B20C6923200BD1D00 /* UIView+HLExtension.m */,
			);
			name = lib;
			sourceTree = "<group>";
		};
		A0D4929E20C6929200BD1D00 /* xib弹窗 */ = {
			isa = PBXGroup;
			children = (
				A0D4929F20C6929200BD1D00 /* HLXibAlertView.h */,
				A0D492A020C6929200BD1D00 /* HLXibAlertView.m */,
				A0D492A120C6929200BD1D00 /* HLXibAlertView.xib */,
			);
			path = "xib弹窗";
			sourceTree = "<group>";
		};
		A0D492A420C692AF00BD1D00 /* 弹窗delegate */ = {
			isa = PBXGroup;
			children = (
				A0D492A520C692AF00BD1D00 /* HLAlertView.h */,
				A0D492A620C692AF00BD1D00 /* HLAlertView.m */,
			);
			path = "弹窗delegate";
			sourceTree = "<group>";
		};
		A0D492A820C692D100BD1D00 /* 弹窗Block */ = {
			isa = PBXGroup;
			children = (
				A0D492A920C692D100BD1D00 /* HLAlertViewBlock.h */,
				A0D492AA20C692D100BD1D00 /* HLAlertViewBlock.m */,
			);
			path = "弹窗Block";
			sourceTree = "<group>";
		};
/* End PBXGroup section */

/* Begin PBXNativeTarget section */
		A0D4926120C690BD00BD1D00 /* HLAlertView */ = {
			isa = PBXNativeTarget;
			buildConfigurationList = A0D4928E20C690C100BD1D00 /* Build configuration list for PBXNativeTarget "HLAlertView" */;
			buildPhases = (
				A0D4925E20C690BD00BD1D00 /* Sources */,
				A0D4925F20C690BD00BD1D00 /* Frameworks */,
				A0D4926020C690BD00BD1D00 /* Resources */,
			);
			buildRules = (
			);
			dependencies = (
			);
			name = HLAlertView;
			productName = HLAlertView;
			productReference = A0D4926220C690BD00BD1D00 /* HLAlertView.app */;
			productType = "com.apple.product-type.application";
		};
		A0D4927920C690C100BD1D00 /* HLAlertViewTests */ = {
			isa = PBXNativeTarget;
			buildConfigurationList = A0D4929120C690C100BD1D00 /* Build configuration list for PBXNativeTarget "HLAlertViewTests" */;
			buildPhases = (
				A0D4927620C690C100BD1D00 /* Sources */,
				A0D4927720C690C100BD1D00 /* Frameworks */,
				A0D4927820C690C100BD1D00 /* Resources */,
			);
			buildRules = (
			);
			dependencies = (
				A0D4927C20C690C100BD1D00 /* PBXTargetDependency */,
			);
			name = HLAlertViewTests;
			productName = HLAlertViewTests;
			productReference = A0D4927A20C690C100BD1D00 /* HLAlertViewTests.xctest */;
			productType = "com.apple.product-type.bundle.unit-test";
		};
		A0D4928420C690C100BD1D00 /* HLAlertViewUITests */ = {
			isa = PBXNativeTarget;
			buildConfigurationList = A0D4929420C690C100BD1D00 /* Build configuration list for PBXNativeTarget "HLAlertViewUITests" */;
			buildPhases = (
				A0D4928120C690C100BD1D00 /* Sources */,
				A0D4928220C690C100BD1D00 /* Frameworks */,
				A0D4928320C690C100BD1D00 /* Resources */,
			);
			buildRules = (
			);
			dependencies = (
				A0D4928720C690C100BD1D00 /* PBXTargetDependency */,
			);
			name = HLAlertViewUITests;
			productName = HLAlertViewUITests;
			productReference = A0D4928520C690C100BD1D00 /* HLAlertViewUITests.xctest */;
			productType = "com.apple.product-type.bundle.ui-testing";
		};
/* End PBXNativeTarget section */

/* Begin PBXProject section */
		A0D4925A20C690BD00BD1D00 /* Project object */ = {
			isa = PBXProject;
			attributes = {
				LastUpgradeCheck = 0930;
				ORGANIZATIONNAME = "郝靓";
				TargetAttributes = {
					A0D4926120C690BD00BD1D00 = {
						CreatedOnToolsVersion = 9.3;
					};
					A0D4927920C690C100BD1D00 = {
						CreatedOnToolsVersion = 9.3;
						TestTargetID = A0D4926120C690BD00BD1D00;
					};
					A0D4928420C690C100BD1D00 = {
						CreatedOnToolsVersion = 9.3;
						TestTargetID = A0D4926120C690BD00BD1D00;
					};
				};
			};
			buildConfigurationList = A0D4925D20C690BD00BD1D00 /* Build configuration list for PBXProject "HLAlertView" */;
			compatibilityVersion = "Xcode 9.3";
			developmentRegion = en;
			hasScannedForEncodings = 0;
			knownRegions = (
				en,
				Base,
			);
			mainGroup = A0D4925920C690BD00BD1D00;
			productRefGroup = A0D4926320C690BD00BD1D00 /* Products */;
			projectDirPath = "";
			projectRoot = "";
			targets = (
				A0D4926120C690BD00BD1D00 /* HLAlertView */,
				A0D4927920C690C100BD1D00 /* HLAlertViewTests */,
				A0D4928420C690C100BD1D00 /* HLAlertViewUITests */,
			);
		};
/* End PBXProject section */

/* Begin PBXResourcesBuildPhase section */
		A0D4926020C690BD00BD1D00 /* Resources */ = {
			isa = PBXResourcesBuildPhase;
			buildActionMask = 2147483647;
			files = (
				A0A8339320CE1714001F9398 /* PopViewController.xib in Resources */,
				A0D4927220C690C100BD1D00 /* LaunchScreen.storyboard in Resources */,
				A0D492A320C6929200BD1D00 /* HLXibAlertView.xib in Resources */,
				A0D4926F20C690C100BD1D00 /* Assets.xcassets in Resources */,
				A0D4926D20C690BD00BD1D00 /* Main.storyboard in Resources */,
			);
			runOnlyForDeploymentPostprocessing = 0;
		};
		A0D4927820C690C100BD1D00 /* Resources */ = {
			isa = PBXResourcesBuildPhase;
			buildActionMask = 2147483647;
			files = (
			);
			runOnlyForDeploymentPostprocessing = 0;
		};
		A0D4928320C690C100BD1D00 /* Resources */ = {
			isa = PBXResourcesBuildPhase;
			buildActionMask = 2147483647;
			files = (
			);
			runOnlyForDeploymentPostprocessing = 0;
		};
/* End PBXResourcesBuildPhase section */

/* Begin PBXSourcesBuildPhase section */
		A0D4925E20C690BD00BD1D00 /* Sources */ = {
			isa = PBXSourcesBuildPhase;
			buildActionMask = 2147483647;
			files = (
				A0D4929C20C6923200BD1D00 /* UIView+HLExtension.m in Sources */,
				A0D492A220C6929200BD1D00 /* HLXibAlertView.m in Sources */,
				A0D4926A20C690BD00BD1D00 /* ViewController.m in Sources */,
				A0A8339220CE1714001F9398 /* PopViewController.m in Sources */,
				A0D492A720C692AF00BD1D00 /* HLAlertView.m in Sources */,
				A0D4927520C690C100BD1D00 /* main.m in Sources */,
				A0D4926720C690BD00BD1D00 /* AppDelegate.m in Sources */,
				A0D492AB20C692D100BD1D00 /* HLAlertViewBlock.m in Sources */,
			);
			runOnlyForDeploymentPostprocessing = 0;
		};
		A0D4927620C690C100BD1D00 /* Sources */ = {
			isa = PBXSourcesBuildPhase;
			buildActionMask = 2147483647;
			files = (
				A0D4927F20C690C100BD1D00 /* HLAlertViewTests.m in Sources */,
			);
			runOnlyForDeploymentPostprocessing = 0;
		};
		A0D4928120C690C100BD1D00 /* Sources */ = {
			isa = PBXSourcesBuildPhase;
			buildActionMask = 2147483647;
			files = (
				A0D4928A20C690C100BD1D00 /* HLAlertViewUITests.m in Sources */,
			);
			runOnlyForDeploymentPostprocessing = 0;
		};
/* End PBXSourcesBuildPhase section */

/* Begin PBXTargetDependency section */
		A0D4927C20C690C100BD1D00 /* PBXTargetDependency */ = {
			isa = PBXTargetDependency;
			target = A0D4926120C690BD00BD1D00 /* HLAlertView */;
			targetProxy = A0D4927B20C690C100BD1D00 /* PBXContainerItemProxy */;
		};
		A0D4928720C690C100BD1D00 /* PBXTargetDependency */ = {
			isa = PBXTargetDependency;
			target = A0D4926120C690BD00BD1D00 /* HLAlertView */;
			targetProxy = A0D4928620C690C100BD1D00 /* PBXContainerItemProxy */;
		};
/* End PBXTargetDependency section */

/* Begin PBXVariantGroup section */
		A0D4926B20C690BD00BD1D00 /* Main.storyboard */ = {
			isa = PBXVariantGroup;
			children = (
				A0D4926C20C690BD00BD1D00 /* Base */,
			);
			name = Main.storyboard;
			sourceTree = "<group>";
		};
		A0D4927020C690C100BD1D00 /* LaunchScreen.storyboard */ = {
			isa = PBXVariantGroup;
			children = (
				A0D4927120C690C100BD1D00 /* Base */,
			);
			name = LaunchScreen.storyboard;
			sourceTree = "<group>";
		};
/* End PBXVariantGroup section */

/* Begin XCBuildConfiguration section */
		A0D4928C20C690C100BD1D00 /* Debug */ = {
			isa = XCBuildConfiguration;
			buildSettings = {
				ALWAYS_SEARCH_USER_PATHS = NO;
				CLANG_ANALYZER_NONNULL = YES;
				CLANG_ANALYZER_NUMBER_OBJECT_CONVERSION = YES_AGGRESSIVE;
				CLANG_CXX_LANGUAGE_STANDARD = "gnu++14";
				CLANG_CXX_LIBRARY = "libc++";
				CLANG_ENABLE_MODULES = YES;
				CLANG_ENABLE_OBJC_ARC = YES;
				CLANG_ENABLE_OBJC_WEAK = YES;
				CLANG_WARN_BLOCK_CAPTURE_AUTORELEASING = YES;
				CLANG_WARN_BOOL_CONVERSION = YES;
				CLANG_WARN_COMMA = YES;
				CLANG_WARN_CONSTANT_CONVERSION = YES;
				CLANG_WARN_DEPRECATED_OBJC_IMPLEMENTATIONS = YES;
				CLANG_WARN_DIRECT_OBJC_ISA_USAGE = YES_ERROR;
				CLANG_WARN_DOCUMENTATION_COMMENTS = YES;
				CLANG_WARN_EMPTY_BODY = YES;
				CLANG_WARN_ENUM_CONVERSION = YES;
				CLANG_WARN_INFINITE_RECURSION = YES;
				CLANG_WARN_INT_CONVERSION = YES;
				CLANG_WARN_NON_LITERAL_NULL_CONVERSION = YES;
				CLANG_WARN_OBJC_IMPLICIT_RETAIN_SELF = YES;
				CLANG_WARN_OBJC_LITERAL_CONVERSION = YES;
				CLANG_WARN_OBJC_ROOT_CLASS = YES_ERROR;
				CLANG_WARN_RANGE_LOOP_ANALYSIS = YES;
				CLANG_WARN_STRICT_PROTOTYPES = YES;
				CLANG_WARN_SUSPICIOUS_MOVE = YES;
				CLANG_WARN_UNGUARDED_AVAILABILITY = YES_AGGRESSIVE;
				CLANG_WARN_UNREACHABLE_CODE = YES;
				CLANG_WARN__DUPLICATE_METHOD_MATCH = YES;
				CODE_SIGN_IDENTITY = "iPhone Developer";
				COPY_PHASE_STRIP = NO;
				DEBUG_INFORMATION_FORMAT = dwarf;
				ENABLE_STRICT_OBJC_MSGSEND = YES;
				ENABLE_TESTABILITY = YES;
				GCC_C_LANGUAGE_STANDARD = gnu11;
				GCC_DYNAMIC_NO_PIC = NO;
				GCC_NO_COMMON_BLOCKS = YES;
				GCC_OPTIMIZATION_LEVEL = 0;
				GCC_PREPROCESSOR_DEFINITIONS = (
					"DEBUG=1",
					"$(inherited)",
				);
				GCC_WARN_64_TO_32_BIT_CONVERSION = YES;
				GCC_WARN_ABOUT_RETURN_TYPE = YES_ERROR;
				GCC_WARN_UNDECLARED_SELECTOR = YES;
				GCC_WARN_UNINITIALIZED_AUTOS = YES_AGGRESSIVE;
				GCC_WARN_UNUSED_FUNCTION = YES;
				GCC_WARN_UNUSED_VARIABLE = YES;
				IPHONEOS_DEPLOYMENT_TARGET = 11.3;
				MTL_ENABLE_DEBUG_INFO = YES;
				ONLY_ACTIVE_ARCH = YES;
				SDKROOT = iphoneos;
			};
			name = Debug;
		};
		A0D4928D20C690C100BD1D00 /* Release */ = {
			isa = XCBuildConfiguration;
			buildSettings = {
				ALWAYS_SEARCH_USER_PATHS = NO;
				CLANG_ANALYZER_NONNULL = YES;
				CLANG_ANALYZER_NUMBER_OBJECT_CONVERSION = YES_AGGRESSIVE;
				CLANG_CXX_LANGUAGE_STANDARD = "gnu++14";
				CLANG_CXX_LIBRARY = "libc++";
				CLANG_ENABLE_MODULES = YES;
				CLANG_ENABLE_OBJC_ARC = YES;
				CLANG_ENABLE_OBJC_WEAK = YES;
				CLANG_WARN_BLOCK_CAPTURE_AUTORELEASING = YES;
				CLANG_WARN_BOOL_CONVERSION = YES;
				CLANG_WARN_COMMA = YES;
				CLANG_WARN_CONSTANT_CONVERSION = YES;
				CLANG_WARN_DEPRECATED_OBJC_IMPLEMENTATIONS = YES;
				CLANG_WARN_DIRECT_OBJC_ISA_USAGE = YES_ERROR;
				CLANG_WARN_DOCUMENTATION_COMMENTS = YES;
				CLANG_WARN_EMPTY_BODY = YES;
				CLANG_WARN_ENUM_CONVERSION = YES;
				CLANG_WARN_INFINITE_RECURSION = YES;
				CLANG_WARN_INT_CONVERSION = YES;
				CLANG_WARN_NON_LITERAL_NULL_CONVERSION = YES;
				CLANG_WARN_OBJC_IMPLICIT_RETAIN_SELF = YES;
				CLANG_WARN_OBJC_LITERAL_CONVERSION = YES;
				CLANG_WARN_OBJC_ROOT_CLASS = YES_ERROR;
				CLANG_WARN_RANGE_LOOP_ANALYSIS = YES;
				CLANG_WARN_STRICT_PROTOTYPES = YES;
				CLANG_WARN_SUSPICIOUS_MOVE = YES;
				CLANG_WARN_UNGUARDED_AVAILABILITY = YES_AGGRESSIVE;
				CLANG_WARN_UNREACHABLE_CODE = YES;
				CLANG_WARN__DUPLICATE_METHOD_MATCH = YES;
				CODE_SIGN_IDENTITY = "iPhone Developer";
				COPY_PHASE_STRIP = NO;
				DEBUG_INFORMATION_FORMAT = "dwarf-with-dsym";
				ENABLE_NS_ASSERTIONS = NO;
				ENABLE_STRICT_OBJC_MSGSEND = YES;
				GCC_C_LANGUAGE_STANDARD = gnu11;
				GCC_NO_COMMON_BLOCKS = YES;
				GCC_WARN_64_TO_32_BIT_CONVERSION = YES;
				GCC_WARN_ABOUT_RETURN_TYPE = YES_ERROR;
				GCC_WARN_UNDECLARED_SELECTOR = YES;
				GCC_WARN_UNINITIALIZED_AUTOS = YES_AGGRESSIVE;
				GCC_WARN_UNUSED_FUNCTION = YES;
				GCC_WARN_UNUSED_VARIABLE = YES;
				IPHONEOS_DEPLOYMENT_TARGET = 11.3;
				MTL_ENABLE_DEBUG_INFO = NO;
				SDKROOT = iphoneos;
				VALIDATE_PRODUCT = YES;
			};
			name = Release;
		};
		A0D4928F20C690C100BD1D00 /* Debug */ = {
			isa = XCBuildConfiguration;
			buildSettings = {
				ASSETCATALOG_COMPILER_APPICON_NAME = AppIcon;
				CODE_SIGN_STYLE = Automatic;
				INFOPLIST_FILE = HLAlertView/Info.plist;
				LD_RUNPATH_SEARCH_PATHS = (
					"$(inherited)",
					"@executable_path/Frameworks",
				);
				PRODUCT_BUNDLE_IDENTIFIER = sineng.com.HLAlertView;
				PRODUCT_NAME = "$(TARGET_NAME)";
				TARGETED_DEVICE_FAMILY = "1,2";
			};
			name = Debug;
		};
		A0D4929020C690C100BD1D00 /* Release */ = {
			isa = XCBuildConfiguration;
			buildSettings = {
				ASSETCATALOG_COMPILER_APPICON_NAME = AppIcon;
				CODE_SIGN_STYLE = Automatic;
				INFOPLIST_FILE = HLAlertView/Info.plist;
				LD_RUNPATH_SEARCH_PATHS = (
					"$(inherited)",
					"@executable_path/Frameworks",
				);
				PRODUCT_BUNDLE_IDENTIFIER = sineng.com.HLAlertView;
				PRODUCT_NAME = "$(TARGET_NAME)";
				TARGETED_DEVICE_FAMILY = "1,2";
			};
			name = Release;
		};
		A0D4929220C690C100BD1D00 /* Debug */ = {
			isa = XCBuildConfiguration;
			buildSettings = {
				BUNDLE_LOADER = "$(TEST_HOST)";
				CODE_SIGN_STYLE = Automatic;
				INFOPLIST_FILE = HLAlertViewTests/Info.plist;
				LD_RUNPATH_SEARCH_PATHS = (
					"$(inherited)",
					"@executable_path/Frameworks",
					"@loader_path/Frameworks",
				);
				PRODUCT_BUNDLE_IDENTIFIER = sineng.com.HLAlertViewTests;
				PRODUCT_NAME = "$(TARGET_NAME)";
				TARGETED_DEVICE_FAMILY = "1,2";
				TEST_HOST = "$(BUILT_PRODUCTS_DIR)/HLAlertView.app/HLAlertView";
			};
			name = Debug;
		};
		A0D4929320C690C100BD1D00 /* Release */ = {
			isa = XCBuildConfiguration;
			buildSettings = {
				BUNDLE_LOADER = "$(TEST_HOST)";
				CODE_SIGN_STYLE = Automatic;
				INFOPLIST_FILE = HLAlertViewTests/Info.plist;
				LD_RUNPATH_SEARCH_PATHS = (
					"$(inherited)",
					"@executable_path/Frameworks",
					"@loader_path/Frameworks",
				);
				PRODUCT_BUNDLE_IDENTIFIER = sineng.com.HLAlertViewTests;
				PRODUCT_NAME = "$(TARGET_NAME)";
				TARGETED_DEVICE_FAMILY = "1,2";
				TEST_HOST = "$(BUILT_PRODUCTS_DIR)/HLAlertView.app/HLAlertView";
			};
			name = Release;
		};
		A0D4929520C690C100BD1D00 /* Debug */ = {
			isa = XCBuildConfiguration;
			buildSettings = {
				CODE_SIGN_STYLE = Automatic;
				INFOPLIST_FILE = HLAlertViewUITests/Info.plist;
				LD_RUNPATH_SEARCH_PATHS = (
					"$(inherited)",
					"@executable_path/Frameworks",
					"@loader_path/Frameworks",
				);
				PRODUCT_BUNDLE_IDENTIFIER = sineng.com.HLAlertViewUITests;
				PRODUCT_NAME = "$(TARGET_NAME)";
				TARGETED_DEVICE_FAMILY = "1,2";
				TEST_TARGET_NAME = HLAlertView;
			};
			name = Debug;
		};
		A0D4929620C690C100BD1D00 /* Release */ = {
			isa = XCBuildConfiguration;
			buildSettings = {
				CODE_SIGN_STYLE = Automatic;
				INFOPLIST_FILE = HLAlertViewUITests/Info.plist;
				LD_RUNPATH_SEARCH_PATHS = (
					"$(inherited)",
					"@executable_path/Frameworks",
					"@loader_path/Frameworks",
				);
				PRODUCT_BUNDLE_IDENTIFIER = sineng.com.HLAlertViewUITests;
				PRODUCT_NAME = "$(TARGET_NAME)";
				TARGETED_DEVICE_FAMILY = "1,2";
				TEST_TARGET_NAME = HLAlertView;
			};
			name = Release;
		};
/* End XCBuildConfiguration section */

/* Begin XCConfigurationList section */
		A0D4925D20C690BD00BD1D00 /* Build configuration list for PBXProject "HLAlertView" */ = {
			isa = XCConfigurationList;
			buildConfigurations = (
				A0D4928C20C690C100BD1D00 /* Debug */,
				A0D4928D20C690C100BD1D00 /* Release */,
			);
			defaultConfigurationIsVisible = 0;
			defaultConfigurationName = Release;
		};
		A0D4928E20C690C100BD1D00 /* Build configuration list for PBXNativeTarget "HLAlertView" */ = {
			isa = XCConfigurationList;
			buildConfigurations = (
				A0D4928F20C690C100BD1D00 /* Debug */,
				A0D4929020C690C100BD1D00 /* Release */,
			);
			defaultConfigurationIsVisible = 0;
			defaultConfigurationName = Release;
		};
		A0D4929120C690C100BD1D00 /* Build configuration list for PBXNativeTarget "HLAlertViewTests" */ = {
			isa = XCConfigurationList;
			buildConfigurations = (
				A0D4929220C690C100BD1D00 /* Debug */,
				A0D4929320C690C100BD1D00 /* Release */,
			);
			defaultConfigurationIsVisible = 0;
			defaultConfigurationName = Release;
		};
		A0D4929420C690C100BD1D00 /* Build configuration list for PBXNativeTarget "HLAlertViewUITests" */ = {
			isa = XCConfigurationList;
			buildConfigurations = (
				A0D4929520C690C100BD1D00 /* Debug */,
				A0D4929620C690C100BD1D00 /* Release */,
			);
			defaultConfigurationIsVisible = 0;
			defaultConfigurationName = Release;
		};
/* End XCConfigurationList section */
	};
	rootObject = A0D4925A20C690BD00BD1D00 /* Project object */;
}
